
Microsoft Visual Studio Solution File, Format Version 12.00
# Visual Studio 15
VisualStudioVersion = 15.0.28307.645
MinimumVisualStudioVersion = 10.0.40219.1
Project("{FAE04EC0-301F-11D3-BF4B-00C04F79EFBC}") = "ABAC.API", "ABAC.API\ABAC.API.csproj", "{35A2F0B6-6203-43C3-880B-FCA2431D48BB}"
EndProject
Project("{FAE04EC0-301F-11D3-BF4B-00C04F79EFBC}") = "ABAC.DAL", "ABAC.DAL\ABAC.DAL.csproj", "{1765B3E2-E984-4B28-A76F-52F863FECB22}"
EndProject
Global
	GlobalSection(SolutionConfigurationPlatforms) = preSolution
		Debug|Any CPU = Debug|Any CPU
		Release|Any CPU = Release|Any CPU
	EndGlobalSection
	GlobalSection(ProjectConfigurationPlatforms) = postSolution
		{35A2F0B6-6203-43C3-880B-FCA2431D48BB}.Debug|Any CPU.ActiveCfg = Debug|Any CPU
		{35A2F0B6-6203-43C3-880B-FCA2431D48BB}.Debug|Any CPU.Build.0 = Debug|Any CPU
		{35A2F0B6-6203-43C3-880B-FCA2431D48BB}.Release|Any CPU.ActiveCfg = Release|Any CPU
		{35A2F0B6-6203-43C3-880B-FCA2431D48BB}.Release|Any CPU.Build.0 = Release|Any CPU
		{1765B3E2-E984-4B28-A76F-52F863FECB22}.Debug|Any CPU.ActiveCfg = Debug|Any CPU
		{1765B3E2-E984-4B28-A76F-52F863FECB22}.Debug|Any CPU.Build.0 = Debug|Any CPU
		{1765B3E2-E984-4B28-A76F-52F863FECB22}.Release|Any CPU.ActiveCfg = Release|Any CPU
		{1765B3E2-E984-4B28-A76F-52F863FECB22}.Release|Any CPU.Build.0 = Release|Any CPU
	EndGlobalSection
	GlobalSection(SolutionProperties) = preSolution
		HideSolutionNode = FALSE
	EndGlobalSection
	GlobalSection(ExtensibilityGlobals) = postSolution
		SolutionGuid = {C961356B-1F36-4B54-9C0F-8639D57D3202}
	EndGlobalSection
EndGlobal
